
Microsoft Visual Studio Solution File, Format Version 12.00
# Visual Studio 15
VisualStudioVersion = 15.0.26124.0
MinimumVisualStudioVersion = 15.0.26124.0
Project("{FAE04EC0-301F-11D3-BF4B-00C04F79EFBC}") = "Server", "Server\Server.csproj", "{56FD5250-9245-48EE-AAD6-216BAF6D1316}"
EndProject
Project("{FAE04EC0-301F-11D3-BF4B-00C04F79EFBC}") = "Mocker", "Mocker\Mocker.csproj", "{E6656862-784B-45CD-8781-4DBE1A29AE83}"
EndProject
Global
	GlobalSection(SolutionConfigurationPlatforms) = preSolution
		Debug|Any CPU = Debug|Any CPU
		Debug|x64 = Debug|x64
		Debug|x86 = Debug|x86
		Release|Any CPU = Release|Any CPU
		Release|x64 = Release|x64
		Release|x86 = Release|x86
	EndGlobalSection
	GlobalSection(SolutionProperties) = preSolution
		HideSolutionNode = FALSE
	EndGlobalSection
	GlobalSection(ProjectConfigurationPlatforms) = postSolution
		{56FD5250-9245-48EE-AAD6-216BAF6D1316}.Debug|Any CPU.ActiveCfg = Debug|Any CPU
		{56FD5250-9245-48EE-AAD6-216BAF6D1316}.Debug|Any CPU.Build.0 = Debug|Any CPU
		{56FD5250-9245-48EE-AAD6-216BAF6D1316}.Debug|x64.ActiveCfg = Debug|Any CPU
		{56FD5250-9245-48EE-AAD6-216BAF6D1316}.Debug|x64.Build.0 = Debug|Any CPU
		{56FD5250-9245-48EE-AAD6-216BAF6D1316}.Debug|x86.ActiveCfg = Debug|Any CPU
		{56FD5250-9245-48EE-AAD6-216BAF6D1316}.Debug|x86.Build.0 = Debug|Any CPU
		{56FD5250-9245-48EE-AAD6-216BAF6D1316}.Release|Any CPU.ActiveCfg = Release|Any CPU
		{56FD5250-9245-48EE-AAD6-216BAF6D1316}.Release|Any CPU.Build.0 = Release|Any CPU
		{56FD5250-9245-48EE-AAD6-216BAF6D1316}.Release|x64.ActiveCfg = Release|Any CPU
		{56FD5250-9245-48EE-AAD6-216BAF6D1316}.Release|x64.Build.0 = Release|Any CPU
		{56FD5250-9245-48EE-AAD6-216BAF6D1316}.Release|x86.ActiveCfg = Release|Any CPU
		{56FD5250-9245-48EE-AAD6-216BAF6D1316}.Release|x86.Build.0 = Release|Any CPU
		{7F95FD1B-34DB-4FDF-88A6-C12FEF9BCFA3}.Debug|Any CPU.ActiveCfg = Debug|Any CPU
		{7F95FD1B-34DB-4FDF-88A6-C12FEF9BCFA3}.Debug|Any CPU.Build.0 = Debug|Any CPU
		{7F95FD1B-34DB-4FDF-88A6-C12FEF9BCFA3}.Debug|x64.ActiveCfg = Debug|Any CPU
		{7F95FD1B-34DB-4FDF-88A6-C12FEF9BCFA3}.Debug|x64.Build.0 = Debug|Any CPU
		{7F95FD1B-34DB-4FDF-88A6-C12FEF9BCFA3}.Debug|x86.ActiveCfg = Debug|Any CPU
		{7F95FD1B-34DB-4FDF-88A6-C12FEF9BCFA3}.Debug|x86.Build.0 = Debug|Any CPU
		{7F95FD1B-34DB-4FDF-88A6-C12FEF9BCFA3}.Release|Any CPU.ActiveCfg = Release|Any CPU
		{7F95FD1B-34DB-4FDF-88A6-C12FEF9BCFA3}.Release|Any CPU.Build.0 = Release|Any CPU
		{7F95FD1B-34DB-4FDF-88A6-C12FEF9BCFA3}.Release|x64.ActiveCfg = Release|Any CPU
		{7F95FD1B-34DB-4FDF-88A6-C12FEF9BCFA3}.Release|x64.Build.0 = Release|Any CPU
		{7F95FD1B-34DB-4FDF-88A6-C12FEF9BCFA3}.Release|x86.ActiveCfg = Release|Any CPU
		{7F95FD1B-34DB-4FDF-88A6-C12FEF9BCFA3}.Release|x86.Build.0 = Release|Any CPU
		{E6656862-784B-45CD-8781-4DBE1A29AE83}.Debug|Any CPU.ActiveCfg = Debug|Any CPU
		{E6656862-784B-45CD-8781-4DBE1A29AE83}.Debug|Any CPU.Build.0 = Debug|Any CPU
		{E6656862-784B-45CD-8781-4DBE1A29AE83}.Debug|x64.ActiveCfg = Debug|Any CPU
		{E6656862-784B-45CD-8781-4DBE1A29AE83}.Debug|x64.Build.0 = Debug|Any CPU
		{E6656862-784B-45CD-8781-4DBE1A29AE83}.Debug|x86.ActiveCfg = Debug|Any CPU
		{E6656862-784B-45CD-8781-4DBE1A29AE83}.Debug|x86.Build.0 = Debug|Any CPU
		{E6656862-784B-45CD-8781-4DBE1A29AE83}.Release|Any CPU.ActiveCfg = Release|Any CPU
		{E6656862-784B-45CD-8781-4DBE1A29AE83}.Release|Any CPU.Build.0 = Release|Any CPU
		{E6656862-784B-45CD-8781-4DBE1A29AE83}.Release|x64.ActiveCfg = Release|Any CPU
		{E6656862-784B-45CD-8781-4DBE1A29AE83}.Release|x64.Build.0 = Release|Any CPU
		{E6656862-784B-45CD-8781-4DBE1A29AE83}.Release|x86.ActiveCfg = Release|Any CPU
		{E6656862-784B-45CD-8781-4DBE1A29AE83}.Release|x86.Build.0 = Release|Any CPU
	EndGlobalSection
EndGlobal
